
Microsoft Visual Studio Solution File, Format Version 12.00
# Visual Studio Version 17
VisualStudioVersion = 17.7.34202.233
MinimumVisualStudioVersion = 10.0.40219.1
Project("{9A19103F-16F7-4668-BE54-9A1E7A4F7556}") = "Welcome", "Welcome\Welcome.csproj", "{9980A54D-55C5-471C-B536-1685F991CE86}"
EndProject
Project("{9A19103F-16F7-4668-BE54-9A1E7A4F7556}") = "WelcomeExtended", "WelcomeExtended\WelcomeExtended.csproj", "{6E946D28-4C04-49D4-BB70-8D8BD93577B3}"
EndProject
Project("{9A19103F-16F7-4668-BE54-9A1E7A4F7556}") = "DataLayer", "DataLayer\DataLayer.csproj", "{65CBB267-523E-4ED9-8E33-6279291A1222}"
EndProject
Project("{9A19103F-16F7-4668-BE54-9A1E7A4F7556}") = "UI", "UI\UI.csproj", "{B2152B0C-C800-466C-839B-BBEA3B6E3E9C}"
EndProject
Project("{9A19103F-16F7-4668-BE54-9A1E7A4F7556}") = "UI_Updated_Version", "UI_Updated_Version\UI_Updated_Version.csproj", "{76523B4E-D370-447B-BF73-A42B4A0EA013}"
EndProject
Project("{FAE04EC0-301F-11D3-BF4B-00C04F79EFBC}") = "UIMVVM", "UIMVVM\UIMVVM.csproj", "{4E991425-78A6-4755-AD00-1AAB291CF49C}"
EndProject
Global
	GlobalSection(SolutionConfigurationPlatforms) = preSolution
		Debug|Any CPU = Debug|Any CPU
		Release|Any CPU = Release|Any CPU
	EndGlobalSection
	GlobalSection(ProjectConfigurationPlatforms) = postSolution
		{9980A54D-55C5-471C-B536-1685F991CE86}.Debug|Any CPU.ActiveCfg = Debug|Any CPU
		{9980A54D-55C5-471C-B536-1685F991CE86}.Debug|Any CPU.Build.0 = Debug|Any CPU
		{9980A54D-55C5-471C-B536-1685F991CE86}.Release|Any CPU.ActiveCfg = Release|Any CPU
		{9980A54D-55C5-471C-B536-1685F991CE86}.Release|Any CPU.Build.0 = Release|Any CPU
		{6E946D28-4C04-49D4-BB70-8D8BD93577B3}.Debug|Any CPU.ActiveCfg = Debug|Any CPU
		{6E946D28-4C04-49D4-BB70-8D8BD93577B3}.Debug|Any CPU.Build.0 = Debug|Any CPU
		{6E946D28-4C04-49D4-BB70-8D8BD93577B3}.Release|Any CPU.ActiveCfg = Release|Any CPU
		{6E946D28-4C04-49D4-BB70-8D8BD93577B3}.Release|Any CPU.Build.0 = Release|Any CPU
		{65CBB267-523E-4ED9-8E33-6279291A1222}.Debug|Any CPU.ActiveCfg = Debug|Any CPU
		{65CBB267-523E-4ED9-8E33-6279291A1222}.Debug|Any CPU.Build.0 = Debug|Any CPU
		{65CBB267-523E-4ED9-8E33-6279291A1222}.Release|Any CPU.ActiveCfg = Release|Any CPU
		{65CBB267-523E-4ED9-8E33-6279291A1222}.Release|Any CPU.Build.0 = Release|Any CPU
		{B2152B0C-C800-466C-839B-BBEA3B6E3E9C}.Debug|Any CPU.ActiveCfg = Debug|Any CPU
		{B2152B0C-C800-466C-839B-BBEA3B6E3E9C}.Debug|Any CPU.Build.0 = Debug|Any CPU
		{B2152B0C-C800-466C-839B-BBEA3B6E3E9C}.Release|Any CPU.ActiveCfg = Release|Any CPU
		{B2152B0C-C800-466C-839B-BBEA3B6E3E9C}.Release|Any CPU.Build.0 = Release|Any CPU
		{76523B4E-D370-447B-BF73-A42B4A0EA013}.Debug|Any CPU.ActiveCfg = Debug|Any CPU
		{76523B4E-D370-447B-BF73-A42B4A0EA013}.Debug|Any CPU.Build.0 = Debug|Any CPU
		{76523B4E-D370-447B-BF73-A42B4A0EA013}.Release|Any CPU.ActiveCfg = Release|Any CPU
		{76523B4E-D370-447B-BF73-A42B4A0EA013}.Release|Any CPU.Build.0 = Release|Any CPU
		{4E991425-78A6-4755-AD00-1AAB291CF49C}.Debug|Any CPU.ActiveCfg = Debug|Any CPU
		{4E991425-78A6-4755-AD00-1AAB291CF49C}.Debug|Any CPU.Build.0 = Debug|Any CPU
		{4E991425-78A6-4755-AD00-1AAB291CF49C}.Release|Any CPU.ActiveCfg = Release|Any CPU
		{4E991425-78A6-4755-AD00-1AAB291CF49C}.Release|Any CPU.Build.0 = Release|Any CPU
	EndGlobalSection
	GlobalSection(SolutionProperties) = preSolution
		HideSolutionNode = FALSE
	EndGlobalSection
	GlobalSection(ExtensibilityGlobals) = postSolution
		SolutionGuid = {1DDF1A54-74AF-40BC-8E39-9BC63E8A1279}
	EndGlobalSection
EndGlobal
